
Microsoft Visual Studio Solution File, Format Version 12.00
# Visual Studio Version 17
VisualStudioVersion = 17.14.36221.1 d17.14
MinimumVisualStudioVersion = 10.0.40219.1
Project("{FAE04EC0-301F-11D3-BF4B-00C04F79EFBC}") = "KutuphaneOtomasyon.Web", "KutuphaneOtomasyon.Web.csproj", "{DEE14A07-57EF-4A51-A4BF-F3BAA08265A4}"
EndProject
Global
	GlobalSection(SolutionConfigurationPlatforms) = preSolution
		Debug|Any CPU = Debug|Any CPU
		Release|Any CPU = Release|Any CPU
	EndGlobalSection
	GlobalSection(ProjectConfigurationPlatforms) = postSolution
		{DEE14A07-57EF-4A51-A4BF-F3BAA08265A4}.Debug|Any CPU.ActiveCfg = Debug|Any CPU
		{DEE14A07-57EF-4A51-A4BF-F3BAA08265A4}.Debug|Any CPU.Build.0 = Debug|Any CPU
		{DEE14A07-57EF-4A51-A4BF-F3BAA08265A4}.Release|Any CPU.ActiveCfg = Release|Any CPU
		{DEE14A07-57EF-4A51-A4BF-F3BAA08265A4}.Release|Any CPU.Build.0 = Release|Any CPU
	EndGlobalSection
	GlobalSection(SolutionProperties) = preSolution
		HideSolutionNode = FALSE
	EndGlobalSection
	GlobalSection(ExtensibilityGlobals) = postSolution
		SolutionGuid = {A07DAB92-D5DD-4671-93F9-FB283EC69522}
	EndGlobalSection
EndGlobal
